// !$*UTF8*$!
{
	archiveVersion = 1;
	classes = {
	};
	objectVersion = 50;
	objects = {

/* Begin PBXBuildFile section */
		FC4D85382455E77600CA50AF /* storeTableViewController.swift in Sources */ = {isa = PBXBuildFile; fileRef = FC4D85372455E77600CA50AF /* storeTableViewController.swift */; };
		FC4D853E2458431700CA50AF /* BookDescriptionViewController.swift in Sources */ = {isa = PBXBuildFile; fileRef = FC4D853D2458431700CA50AF /* BookDescriptionViewController.swift */; };
		FC4EEAC824602D1E00A641DA /* StoreBook.swift in Sources */ = {isa = PBXBuildFile; fileRef = FC4EEAC724602D1E00A641DA /* StoreBook.swift */; };
		FC4EEACB246169CA00A641DA /* (null) in Embed Frameworks */ = {isa = PBXBuildFile; settings = {ATTRIBUTES = (CodeSignOnCopy, RemoveHeadersOnCopy, ); }; };
		FC4EEADA24655D8300A641DA /* familia_1.mp4 in Resources */ = {isa = PBXBuildFile; fileRef = FC4EEAD824655D7F00A641DA /* familia_1.mp4 */; };
		FC4EEADB24655D8300A641DA /* familia_2.mp4 in Resources */ = {isa = PBXBuildFile; fileRef = FC4EEAD924655D8200A641DA /* familia_2.mp4 */; };
		FC68600E247A7BEF00715162 /* ARReferenceImages.swift in Sources */ = {isa = PBXBuildFile; fileRef = FC68600D247A7BEF00715162 /* ARReferenceImages.swift */; };
		FC96A0BC23FD823100062E82 /* AppDelegate.swift in Sources */ = {isa = PBXBuildFile; fileRef = FC96A0BB23FD823100062E82 /* AppDelegate.swift */; };
		FC96A0BE23FD823200062E82 /* art.scnassets in Resources */ = {isa = PBXBuildFile; fileRef = FC96A0BD23FD823200062E82 /* art.scnassets */; };
		FC96A0C023FD823200062E82 /* ViewController.swift in Sources */ = {isa = PBXBuildFile; fileRef = FC96A0BF23FD823200062E82 /* ViewController.swift */; };
		FC96A0C323FD823200062E82 /* Main.storyboard in Resources */ = {isa = PBXBuildFile; fileRef = FC96A0C123FD823200062E82 /* Main.storyboard */; };
		FC96A0C523FD823600062E82 /* Assets.xcassets in Resources */ = {isa = PBXBuildFile; fileRef = FC96A0C423FD823600062E82 /* Assets.xcassets */; };
		FC96A0C823FD823600062E82 /* LaunchScreen.storyboard in Resources */ = {isa = PBXBuildFile; fileRef = FC96A0C623FD823600062E82 /* LaunchScreen.storyboard */; };
		FC96A0D023FD902200062E82 /* harrypotter.mp4 in Resources */ = {isa = PBXBuildFile; fileRef = FC96A0CF23FD902200062E82 /* harrypotter.mp4 */; };
		FCC25473246C5E5C00DD4B83 /* ImagePicker.swift in Sources */ = {isa = PBXBuildFile; fileRef = FCC25472246C5E5C00DD4B83 /* ImagePicker.swift */; };
		FCC25475246C5EBE00DD4B83 /* VideoPicker.swift in Sources */ = {isa = PBXBuildFile; fileRef = FCC25474246C5EBE00DD4B83 /* VideoPicker.swift */; };
		FCC25477246C5EF800DD4B83 /* VideoView.swift in Sources */ = {isa = PBXBuildFile; fileRef = FCC25476246C5EF800DD4B83 /* VideoView.swift */; };
		FCC2547B246C637B00DD4B83 /* AddNewItemViewController.swift in Sources */ = {isa = PBXBuildFile; fileRef = FCC2547A246C637B00DD4B83 /* AddNewItemViewController.swift */; };
		FCD2A24E245DD1D40069B62E /* familia.mp4 in Resources */ = {isa = PBXBuildFile; fileRef = FCD2A24D245DD1D40069B62E /* familia.mp4 */; };
/* End PBXBuildFile section */

/* Begin PBXCopyFilesBuildPhase section */
		FC4EEACC246169CA00A641DA /* Embed Frameworks */ = {
			isa = PBXCopyFilesBuildPhase;
			buildActionMask = 2147483647;
			dstPath = "";
			dstSubfolderSpec = 10;
			files = (
				FC4EEACB246169CA00A641DA /* (null) in Embed Frameworks */,
			);
			name = "Embed Frameworks";
			runOnlyForDeploymentPostprocessing = 0;
		};
/* End PBXCopyFilesBuildPhase section */

/* Begin PBXFileReference section */
		FC4D85372455E77600CA50AF /* storeTableViewController.swift */ = {isa = PBXFileReference; lastKnownFileType = sourcecode.swift; path = storeTableViewController.swift; sourceTree = "<group>"; };
		FC4D853D2458431700CA50AF /* BookDescriptionViewController.swift */ = {isa = PBXFileReference; lastKnownFileType = sourcecode.swift; path = BookDescriptionViewController.swift; sourceTree = "<group>"; };
		FC4EEAC724602D1E00A641DA /* StoreBook.swift */ = {isa = PBXFileReference; lastKnownFileType = sourcecode.swift; path = StoreBook.swift; sourceTree = "<group>"; };
		FC4EEAD824655D7F00A641DA /* familia_1.mp4 */ = {isa = PBXFileReference; lastKnownFileType = file; path = familia_1.mp4; sourceTree = "<group>"; };
		FC4EEAD924655D8200A641DA /* familia_2.mp4 */ = {isa = PBXFileReference; lastKnownFileType = file; path = familia_2.mp4; sourceTree = "<group>"; };
		FC68600D247A7BEF00715162 /* ARReferenceImages.swift */ = {isa = PBXFileReference; lastKnownFileType = sourcecode.swift; name = ARReferenceImages.swift; path = "MagicPaper/Data Model/ARReferenceImages.swift"; sourceTree = SOURCE_ROOT; };
		FC96A0B823FD823100062E82 /* MagicPaper.app */ = {isa = PBXFileReference; explicitFileType = wrapper.application; includeInIndex = 0; path = MagicPaper.app; sourceTree = BUILT_PRODUCTS_DIR; };
		FC96A0BB23FD823100062E82 /* AppDelegate.swift */ = {isa = PBXFileReference; lastKnownFileType = sourcecode.swift; path = AppDelegate.swift; sourceTree = "<group>"; };
		FC96A0BD23FD823200062E82 /* art.scnassets */ = {isa = PBXFileReference; lastKnownFileType = wrapper.scnassets; path = art.scnassets; sourceTree = "<group>"; };
		FC96A0BF23FD823200062E82 /* ViewController.swift */ = {isa = PBXFileReference; lastKnownFileType = sourcecode.swift; path = ViewController.swift; sourceTree = "<group>"; };
		FC96A0C223FD823200062E82 /* Base */ = {isa = PBXFileReference; lastKnownFileType = file.storyboard; name = Base; path = Base.lproj/Main.storyboard; sourceTree = "<group>"; };
		FC96A0C423FD823600062E82 /* Assets.xcassets */ = {isa = PBXFileReference; lastKnownFileType = folder.assetcatalog; path = Assets.xcassets; sourceTree = "<group>"; };
		FC96A0C723FD823600062E82 /* Base */ = {isa = PBXFileReference; lastKnownFileType = file.storyboard; name = Base; path = Base.lproj/LaunchScreen.storyboard; sourceTree = "<group>"; };
		FC96A0C923FD823600062E82 /* Info.plist */ = {isa = PBXFileReference; lastKnownFileType = text.plist.xml; path = Info.plist; sourceTree = "<group>"; };
		FC96A0CF23FD902200062E82 /* harrypotter.mp4 */ = {isa = PBXFileReference; lastKnownFileType = file; path = harrypotter.mp4; sourceTree = "<group>"; };
		FCC25472246C5E5C00DD4B83 /* ImagePicker.swift */ = {isa = PBXFileReference; lastKnownFileType = sourcecode.swift; path = ImagePicker.swift; sourceTree = "<group>"; };
		FCC25474246C5EBE00DD4B83 /* VideoPicker.swift */ = {isa = PBXFileReference; lastKnownFileType = sourcecode.swift; path = VideoPicker.swift; sourceTree = "<group>"; };
		FCC25476246C5EF800DD4B83 /* VideoView.swift */ = {isa = PBXFileReference; lastKnownFileType = sourcecode.swift; path = VideoView.swift; sourceTree = "<group>"; };
		FCC2547A246C637B00DD4B83 /* AddNewItemViewController.swift */ = {isa = PBXFileReference; lastKnownFileType = sourcecode.swift; path = AddNewItemViewController.swift; sourceTree = "<group>"; };
		FCD2A24D245DD1D40069B62E /* familia.mp4 */ = {isa = PBXFileReference; lastKnownFileType = file; path = familia.mp4; sourceTree = "<group>"; };
/* End PBXFileReference section */

/* Begin PBXFrameworksBuildPhase section */
		FC96A0B523FD823100062E82 /* Frameworks */ = {
			isa = PBXFrameworksBuildPhase;
			buildActionMask = 2147483647;
			files = (
			);
			runOnlyForDeploymentPostprocessing = 0;
		};
/* End PBXFrameworksBuildPhase section */

/* Begin PBXGroup section */
		F5E0824C35739A6BF46C89FC /* Pods */ = {
			isa = PBXGroup;
			children = (
			);
			path = Pods;
			sourceTree = "<group>";
		};
		FC4D85392455ED9600CA50AF /* Controllers */ = {
			isa = PBXGroup;
			children = (
				FCC2547A246C637B00DD4B83 /* AddNewItemViewController.swift */,
				FC4D85372455E77600CA50AF /* storeTableViewController.swift */,
				FC4D853D2458431700CA50AF /* BookDescriptionViewController.swift */,
				FC96A0BF23FD823200062E82 /* ViewController.swift */,
			);
			path = Controllers;
			sourceTree = "<group>";
		};
		FC4D853A2455EDC100CA50AF /* Supporting Files */ = {
			isa = PBXGroup;
			children = (
				FC96A0C623FD823600062E82 /* LaunchScreen.storyboard */,
				FC96A0C423FD823600062E82 /* Assets.xcassets */,
				FC96A0BD23FD823200062E82 /* art.scnassets */,
			);
			path = "Supporting Files";
			sourceTree = "<group>";
		};
		FC4D853B2455EDDF00CA50AF /* Views */ = {
			isa = PBXGroup;
			children = (
				FC96A0C123FD823200062E82 /* Main.storyboard */,
				FCC25476246C5EF800DD4B83 /* VideoView.swift */,
			);
			path = Views;
			sourceTree = "<group>";
		};
		FC4D853C2455EE0600CA50AF /* Videos */ = {
			isa = PBXGroup;
			children = (
				FC4EEAD824655D7F00A641DA /* familia_1.mp4 */,
				FC4EEAD924655D8200A641DA /* familia_2.mp4 */,
				FCD2A24D245DD1D40069B62E /* familia.mp4 */,
				FC96A0CF23FD902200062E82 /* harrypotter.mp4 */,
			);
			path = Videos;
			sourceTree = "<group>";
		};
		FC4EEAC924602D2900A641DA /* Data Model */ = {
			isa = PBXGroup;
			children = (
				FC4EEAC724602D1E00A641DA /* StoreBook.swift */,
				FC68600D247A7BEF00715162 /* ARReferenceImages.swift */,
				FCC25472246C5E5C00DD4B83 /* ImagePicker.swift */,
				FCC25474246C5EBE00DD4B83 /* VideoPicker.swift */,
			);
			path = "Data Model";
			sourceTree = "<group>";
		};
		FC4EEAD72461753C00A641DA /* Recovered References */ = {
			isa = PBXGroup;
			children = (
			);
			name = "Recovered References";
			sourceTree = "<group>";
		};
		FC96A0AF23FD823100062E82 = {
			isa = PBXGroup;
			children = (
				FC96A0BA23FD823100062E82 /* MagicPaper */,
				FC96A0B923FD823100062E82 /* Products */,
				F5E0824C35739A6BF46C89FC /* Pods */,
				FC4EEAD72461753C00A641DA /* Recovered References */,
			);
			sourceTree = "<group>";
		};
		FC96A0B923FD823100062E82 /* Products */ = {
			isa = PBXGroup;
			children = (
				FC96A0B823FD823100062E82 /* MagicPaper.app */,
			);
			name = Products;
			sourceTree = "<group>";
		};
		FC96A0BA23FD823100062E82 /* MagicPaper */ = {
			isa = PBXGroup;
			children = (
				FC96A0BB23FD823100062E82 /* AppDelegate.swift */,
				FC4D853C2455EE0600CA50AF /* Videos */,
				FC4D85392455ED9600CA50AF /* Controllers */,
				FC4EEAC924602D2900A641DA /* Data Model */,
				FC4D853B2455EDDF00CA50AF /* Views */,
				FC4D853A2455EDC100CA50AF /* Supporting Files */,
				FC96A0C923FD823600062E82 /* Info.plist */,
			);
			path = MagicPaper;
			sourceTree = "<group>";
		};
/* End PBXGroup section */

/* Begin PBXNativeTarget section */
		FC96A0B723FD823100062E82 /* MagicPaper */ = {
			isa = PBXNativeTarget;
			buildConfigurationList = FC96A0CC23FD823600062E82 /* Build configuration list for PBXNativeTarget "MagicPaper" */;
			buildPhases = (
				FC96A0B423FD823100062E82 /* Sources */,
				FC96A0B523FD823100062E82 /* Frameworks */,
				FC96A0B623FD823100062E82 /* Resources */,
				FC4EEACC246169CA00A641DA /* Embed Frameworks */,
			);
			buildRules = (
			);
			dependencies = (
			);
			name = MagicPaper;
			productName = MagicPaper;
			productReference = FC96A0B823FD823100062E82 /* MagicPaper.app */;
			productType = "com.apple.product-type.application";
		};
/* End PBXNativeTarget section */

/* Begin PBXProject section */
		FC96A0B023FD823100062E82 /* Project object */ = {
			isa = PBXProject;
			attributes = {
				LastSwiftUpdateCheck = 1130;
				LastUpgradeCheck = 1130;
				ORGANIZATIONNAME = "Arden Zhakhin";
				TargetAttributes = {
					FC96A0B723FD823100062E82 = {
						CreatedOnToolsVersion = 11.3.1;
					};
				};
			};
			buildConfigurationList = FC96A0B323FD823100062E82 /* Build configuration list for PBXProject "MagicPaper" */;
			compatibilityVersion = "Xcode 9.3";
			developmentRegion = en;
			hasScannedForEncodings = 0;
			knownRegions = (
				en,
				Base,
			);
			mainGroup = FC96A0AF23FD823100062E82;
			productRefGroup = FC96A0B923FD823100062E82 /* Products */;
			projectDirPath = "";
			projectRoot = "";
			targets = (
				FC96A0B723FD823100062E82 /* MagicPaper */,
			);
		};
/* End PBXProject section */

/* Begin PBXResourcesBuildPhase section */
		FC96A0B623FD823100062E82 /* Resources */ = {
			isa = PBXResourcesBuildPhase;
			buildActionMask = 2147483647;
			files = (
				FC4EEADB24655D8300A641DA /* familia_2.mp4 in Resources */,
				FC96A0BE23FD823200062E82 /* art.scnassets in Resources */,
				FC96A0C823FD823600062E82 /* LaunchScreen.storyboard in Resources */,
				FC96A0D023FD902200062E82 /* harrypotter.mp4 in Resources */,
				FC4EEADA24655D8300A641DA /* familia_1.mp4 in Resources */,
				FCD2A24E245DD1D40069B62E /* familia.mp4 in Resources */,
				FC96A0C523FD823600062E82 /* Assets.xcassets in Resources */,
				FC96A0C323FD823200062E82 /* Main.storyboard in Resources */,
			);
			runOnlyForDeploymentPostprocessing = 0;
		};
/* End PBXResourcesBuildPhase section */

/* Begin PBXSourcesBuildPhase section */
		FC96A0B423FD823100062E82 /* Sources */ = {
			isa = PBXSourcesBuildPhase;
			buildActionMask = 2147483647;
			files = (
				FC4EEAC824602D1E00A641DA /* StoreBook.swift in Sources */,
				FCC25475246C5EBE00DD4B83 /* VideoPicker.swift in Sources */,
				FCC2547B246C637B00DD4B83 /* AddNewItemViewController.swift in Sources */,
				FC4D853E2458431700CA50AF /* BookDescriptionViewController.swift in Sources */,
				FC68600E247A7BEF00715162 /* ARReferenceImages.swift in Sources */,
				FCC25473246C5E5C00DD4B83 /* ImagePicker.swift in Sources */,
				FC96A0C023FD823200062E82 /* ViewController.swift in Sources */,
				FCC25477246C5EF800DD4B83 /* VideoView.swift in Sources */,
				FC4D85382455E77600CA50AF /* storeTableViewController.swift in Sources */,
				FC96A0BC23FD823100062E82 /* AppDelegate.swift in Sources */,
			);
			runOnlyForDeploymentPostprocessing = 0;
		};
/* End PBXSourcesBuildPhase section */

/* Begin PBXVariantGroup section */
		FC96A0C123FD823200062E82 /* Main.storyboard */ = {
			isa = PBXVariantGroup;
			children = (
				FC96A0C223FD823200062E82 /* Base */,
			);
			name = Main.storyboard;
			sourceTree = "<group>";
		};
		FC96A0C623FD823600062E82 /* LaunchScreen.storyboard */ = {
			isa = PBXVariantGroup;
			children = (
				FC96A0C723FD823600062E82 /* Base */,
			);
			name = LaunchScreen.storyboard;
			sourceTree = "<group>";
		};
/* End PBXVariantGroup section */

/* Begin XCBuildConfiguration section */
		FC96A0CA23FD823600062E82 /* Debug */ = {
			isa = XCBuildConfiguration;
			buildSettings = {
				ALWAYS_SEARCH_USER_PATHS = NO;
				CLANG_ANALYZER_NONNULL = YES;
				CLANG_ANALYZER_NUMBER_OBJECT_CONVERSION = YES_AGGRESSIVE;
				CLANG_CXX_LANGUAGE_STANDARD = "gnu++14";
				CLANG_CXX_LIBRARY = "libc++";
				CLANG_ENABLE_MODULES = YES;
				CLANG_ENABLE_OBJC_ARC = YES;
				CLANG_ENABLE_OBJC_WEAK = YES;
				CLANG_WARN_BLOCK_CAPTURE_AUTORELEASING = YES;
				CLANG_WARN_BOOL_CONVERSION = YES;
				CLANG_WARN_COMMA = YES;
				CLANG_WARN_CONSTANT_CONVERSION = YES;
				CLANG_WARN_DEPRECATED_OBJC_IMPLEMENTATIONS = YES;
				CLANG_WARN_DIRECT_OBJC_ISA_USAGE = YES_ERROR;
				CLANG_WARN_DOCUMENTATION_COMMENTS = YES;
				CLANG_WARN_EMPTY_BODY = YES;
				CLANG_WARN_ENUM_CONVERSION = YES;
				CLANG_WARN_INFINITE_RECURSION = YES;
				CLANG_WARN_INT_CONVERSION = YES;
				CLANG_WARN_NON_LITERAL_NULL_CONVERSION = YES;
				CLANG_WARN_OBJC_IMPLICIT_RETAIN_SELF = YES;
				CLANG_WARN_OBJC_LITERAL_CONVERSION = YES;
				CLANG_WARN_OBJC_ROOT_CLASS = YES_ERROR;
				CLANG_WARN_RANGE_LOOP_ANALYSIS = YES;
				CLANG_WARN_STRICT_PROTOTYPES = YES;
				CLANG_WARN_SUSPICIOUS_MOVE = YES;
				CLANG_WARN_UNGUARDED_AVAILABILITY = YES_AGGRESSIVE;
				CLANG_WARN_UNREACHABLE_CODE = YES;
				CLANG_WARN__DUPLICATE_METHOD_MATCH = YES;
				COPY_PHASE_STRIP = NO;
				DEBUG_INFORMATION_FORMAT = dwarf;
				ENABLE_STRICT_OBJC_MSGSEND = YES;
				ENABLE_TESTABILITY = YES;
				GCC_C_LANGUAGE_STANDARD = gnu11;
				GCC_DYNAMIC_NO_PIC = NO;
				GCC_NO_COMMON_BLOCKS = YES;
				GCC_OPTIMIZATION_LEVEL = 0;
				GCC_PREPROCESSOR_DEFINITIONS = (
					"DEBUG=1",
					"$(inherited)",
				);
				GCC_WARN_64_TO_32_BIT_CONVERSION = YES;
				GCC_WARN_ABOUT_RETURN_TYPE = YES_ERROR;
				GCC_WARN_UNDECLARED_SELECTOR = YES;
				GCC_WARN_UNINITIALIZED_AUTOS = YES_AGGRESSIVE;
				GCC_WARN_UNUSED_FUNCTION = YES;
				GCC_WARN_UNUSED_VARIABLE = YES;
				IPHONEOS_DEPLOYMENT_TARGET = 13.2;
				MTL_ENABLE_DEBUG_INFO = INCLUDE_SOURCE;
				MTL_FAST_MATH = YES;
				ONLY_ACTIVE_ARCH = YES;
				SDKROOT = iphoneos;
				SWIFT_ACTIVE_COMPILATION_CONDITIONS = DEBUG;
				SWIFT_OPTIMIZATION_LEVEL = "-Onone";
			};
			name = Debug;
		};
		FC96A0CB23FD823600062E82 /* Release */ = {
			isa = XCBuildConfiguration;
			buildSettings = {
				ALWAYS_SEARCH_USER_PATHS = NO;
				CLANG_ANALYZER_NONNULL = YES;
				CLANG_ANALYZER_NUMBER_OBJECT_CONVERSION = YES_AGGRESSIVE;
				CLANG_CXX_LANGUAGE_STANDARD = "gnu++14";
				CLANG_CXX_LIBRARY = "libc++";
				CLANG_ENABLE_MODULES = YES;
				CLANG_ENABLE_OBJC_ARC = YES;
				CLANG_ENABLE_OBJC_WEAK = YES;
				CLANG_WARN_BLOCK_CAPTURE_AUTORELEASING = YES;
				CLANG_WARN_BOOL_CONVERSION = YES;
				CLANG_WARN_COMMA = YES;
				CLANG_WARN_CONSTANT_CONVERSION = YES;
				CLANG_WARN_DEPRECATED_OBJC_IMPLEMENTATIONS = YES;
				CLANG_WARN_DIRECT_OBJC_ISA_USAGE = YES_ERROR;
				CLANG_WARN_DOCUMENTATION_COMMENTS = YES;
				CLANG_WARN_EMPTY_BODY = YES;
				CLANG_WARN_ENUM_CONVERSION = YES;
				CLANG_WARN_INFINITE_RECURSION = YES;
				CLANG_WARN_INT_CONVERSION = YES;
				CLANG_WARN_NON_LITERAL_NULL_CONVERSION = YES;
				CLANG_WARN_OBJC_IMPLICIT_RETAIN_SELF = YES;
				CLANG_WARN_OBJC_LITERAL_CONVERSION = YES;
				CLANG_WARN_OBJC_ROOT_CLASS = YES_ERROR;
				CLANG_WARN_RANGE_LOOP_ANALYSIS = YES;
				CLANG_WARN_STRICT_PROTOTYPES = YES;
				CLANG_WARN_SUSPICIOUS_MOVE = YES;
				CLANG_WARN_UNGUARDED_AVAILABILITY = YES_AGGRESSIVE;
				CLANG_WARN_UNREACHABLE_CODE = YES;
				CLANG_WARN__DUPLICATE_METHOD_MATCH = YES;
				COPY_PHASE_STRIP = NO;
				DEBUG_INFORMATION_FORMAT = "dwarf-with-dsym";
				ENABLE_NS_ASSERTIONS = NO;
				ENABLE_STRICT_OBJC_MSGSEND = YES;
				GCC_C_LANGUAGE_STANDARD = gnu11;
				GCC_NO_COMMON_BLOCKS = YES;
				GCC_WARN_64_TO_32_BIT_CONVERSION = YES;
				GCC_WARN_ABOUT_RETURN_TYPE = YES_ERROR;
				GCC_WARN_UNDECLARED_SELECTOR = YES;
				GCC_WARN_UNINITIALIZED_AUTOS = YES_AGGRESSIVE;
				GCC_WARN_UNUSED_FUNCTION = YES;
				GCC_WARN_UNUSED_VARIABLE = YES;
				IPHONEOS_DEPLOYMENT_TARGET = 13.2;
				MTL_ENABLE_DEBUG_INFO = NO;
				MTL_FAST_MATH = YES;
				SDKROOT = iphoneos;
				SWIFT_COMPILATION_MODE = wholemodule;
				SWIFT_OPTIMIZATION_LEVEL = "-O";
				VALIDATE_PRODUCT = YES;
			};
			name = Release;
		};
		FC96A0CD23FD823600062E82 /* Debug */ = {
			isa = XCBuildConfiguration;
			buildSettings = {
				ASSETCATALOG_COMPILER_APPICON_NAME = AppIcon;
				CODE_SIGN_STYLE = Automatic;
				DEVELOPMENT_TEAM = 8QGJJ7998A;
				INFOPLIST_FILE = MagicPaper/Info.plist;
				LD_RUNPATH_SEARCH_PATHS = (
					"$(inherited)",
					"@executable_path/Frameworks",
				);
				PRODUCT_BUNDLE_IDENTIFIER = com.ardenzhakhin.MagicPaper;
				PRODUCT_NAME = "$(TARGET_NAME)";
				SWIFT_VERSION = 5.0;
				TARGETED_DEVICE_FAMILY = "1,2";
			};
			name = Debug;
		};
		FC96A0CE23FD823600062E82 /* Release */ = {
			isa = XCBuildConfiguration;
			buildSettings = {
				ASSETCATALOG_COMPILER_APPICON_NAME = AppIcon;
				CODE_SIGN_STYLE = Automatic;
				DEVELOPMENT_TEAM = 8QGJJ7998A;
				INFOPLIST_FILE = MagicPaper/Info.plist;
				LD_RUNPATH_SEARCH_PATHS = (
					"$(inherited)",
					"@executable_path/Frameworks",
				);
				PRODUCT_BUNDLE_IDENTIFIER = com.ardenzhakhin.MagicPaper;
				PRODUCT_NAME = "$(TARGET_NAME)";
				SWIFT_VERSION = 5.0;
				TARGETED_DEVICE_FAMILY = "1,2";
			};
			name = Release;
		};
/* End XCBuildConfiguration section */

/* Begin XCConfigurationList section */
		FC96A0B323FD823100062E82 /* Build configuration list for PBXProject "MagicPaper" */ = {
			isa = XCConfigurationList;
			buildConfigurations = (
				FC96A0CA23FD823600062E82 /* Debug */,
				FC96A0CB23FD823600062E82 /* Release */,
			);
			defaultConfigurationIsVisible = 0;
			defaultConfigurationName = Release;
		};
		FC96A0CC23FD823600062E82 /* Build configuration list for PBXNativeTarget "MagicPaper" */ = {
			isa = XCConfigurationList;
			buildConfigurations = (
				FC96A0CD23FD823600062E82 /* Debug */,
				FC96A0CE23FD823600062E82 /* Release */,
			);
			defaultConfigurationIsVisible = 0;
			defaultConfigurationName = Release;
		};
/* End XCConfigurationList section */
	};
	rootObject = FC96A0B023FD823100062E82 /* Project object */;
}
